schema: '2.0'
stages:
  data_ingestion:
    cmd: python src/data_ingestion.py
    deps:
    - path: src/data_ingestion.py
      hash: md5
      md5: ccef6cbb72729aa4cc4476dd2400fca2
      size: 4805
    params:
      params.yaml:
        data_ingestion.test_size: 0.4
    outs:
    - path: data/raw
      hash: md5
      md5: 4abf098bab374f1a741bef596ad6e19d.dir
      size: 484846
      nfiles: 2
  data_preprocessing:
    cmd: python src/data_preprocessing.py
    deps:
    - path: data/raw
      hash: md5
      md5: 4abf098bab374f1a741bef596ad6e19d.dir
      size: 484846
      nfiles: 2
    - path: src/data_preprocessing.py
      hash: md5
      md5: 08739c52c8d4ab36ab37ba4bfb19bf85
      size: 4171
    outs:
    - path: data/interim
      hash: md5
      md5: 4c282fa7e5f007cee7923ed635fe7d89.dir
      size: 285305
      nfiles: 2
  feature_engineering:
    cmd: python src/feature_engineering.py
    deps:
    - path: data/interim
      hash: md5
      md5: 4c282fa7e5f007cee7923ed635fe7d89.dir
      size: 285305
      nfiles: 2
    - path: src/feature_engineering.py
      hash: md5
      md5: 64e7f83d73da383b7ee5d5561afeb118
      size: 4252
    params:
      params.yaml:
        feature_engineering.max_features: 20
    outs:
    - path: data/processed
      hash: md5
      md5: 53d62dad7cc13ec04d690ee27454273f.dir
      size: 501016
      nfiles: 2
  model_building:
    cmd: python src/model_building.py
    deps:
    - path: data/processed
      hash: md5
      md5: 53d62dad7cc13ec04d690ee27454273f.dir
      size: 501016
      nfiles: 2
    - path: src/model_building.py
      hash: md5
      md5: a45084e1de0176a2d521aec1758f09c3
      size: 4480
    params:
      params.yaml:
        model_building.n_estimators: 10
        model_building.random_state: 2
    outs:
    - path: models/model.pkl
      hash: md5
      md5: 8c381cdfe176e4c00061feb4990df001
      size: 193365
  model_evaluation:
    cmd: python src/model_evaluation.py
    deps:
    - path: models/model.pkl
      hash: md5
      md5: 8c381cdfe176e4c00061feb4990df001
      size: 193365
    - path: src/model_evaluation.py
      hash: md5
      md5: d1742794a41a53548f7a0ce402d64de1
      size: 5205
    outs:
    - path: reports/metrics.json
      hash: md5
      md5: da9cd9f0a8c1dcb26bcb34b01eeceea2
      size: 145
