schema: '2.0'
stages:
  data_ingestion:
    cmd: python src/data_ingestion.py
    deps:
    - path: src/data_ingestion.py
      hash: md5
      md5: ccef6cbb72729aa4cc4476dd2400fca2
      size: 4805
    params:
      params.yaml:
        data_ingestion.test_size: 0.25
    outs:
    - path: data/raw
      hash: md5
      md5: 257d0a7da5ecf90332a69390e663826d.dir
      size: 484846
      nfiles: 2
  data_preprocessing:
    cmd: python src/data_preprocessing.py
    deps:
    - path: data/raw
      hash: md5
      md5: 257d0a7da5ecf90332a69390e663826d.dir
      size: 484846
      nfiles: 2
    - path: src/data_preprocessing.py
      hash: md5
      md5: 08739c52c8d4ab36ab37ba4bfb19bf85
      size: 4171
    outs:
    - path: data/interim
      hash: md5
      md5: fdbb0738da453b9b78d5b5b8591439d4.dir
      size: 284364
      nfiles: 2
  feature_engineering:
    cmd: python src/feature_engineering.py
    deps:
    - path: data/interim
      hash: md5
      md5: fdbb0738da453b9b78d5b5b8591439d4.dir
      size: 284364
      nfiles: 2
    - path: src/feature_engineering.py
      hash: md5
      md5: 64e7f83d73da383b7ee5d5561afeb118
      size: 4252
    params:
      params.yaml:
        feature_engineering.max_features: 50
    outs:
    - path: data/processed
      hash: md5
      md5: b27ff582b2d756dcadcbf73dc91a11e9.dir
      size: 1200301
      nfiles: 2
  model_building:
    cmd: python src/model_building.py
    deps:
    - path: data/processed
      hash: md5
      md5: b27ff582b2d756dcadcbf73dc91a11e9.dir
      size: 1200301
      nfiles: 2
    - path: src/model_building.py
      hash: md5
      md5: a45084e1de0176a2d521aec1758f09c3
      size: 4480
    params:
      params.yaml:
        model_building.n_estimators: 30
        model_building.random_state: 1
    outs:
    - path: models/model.pkl
      hash: md5
      md5: 7cec1faffc076b5f8ed9977bbd2b29ff
      size: 1195009
  model_evaluation:
    cmd: python src/model_evaluation.py
    deps:
    - path: models/model.pkl
      hash: md5
      md5: 7cec1faffc076b5f8ed9977bbd2b29ff
      size: 1195009
    - path: src/model_evaluation.py
      hash: md5
      md5: d1742794a41a53548f7a0ce402d64de1
      size: 5205
    outs:
    - path: reports/metrics.json
      hash: md5
      md5: a61dd35e466b4396411829b48f0617e7
      size: 145
