schema: '2.0'
stages:
  data_ingestion:
    cmd: python src/data_ingestion.py
    deps:
    - path: src/data_ingestion.py
      hash: md5
      md5: ccef6cbb72729aa4cc4476dd2400fca2
      size: 4805
    params:
      params.yaml:
        data_ingestion.test_size: 0.3
    outs:
    - path: data/raw
      hash: md5
      md5: 264ad5e67bb9fe07886b0c0421e5450d.dir
      size: 484846
      nfiles: 2
  data_preprocessing:
    cmd: python src/data_preprocessing.py
    deps:
    - path: data/raw
      hash: md5
      md5: 264ad5e67bb9fe07886b0c0421e5450d.dir
      size: 484846
      nfiles: 2
    - path: src/data_preprocessing.py
      hash: md5
      md5: 08739c52c8d4ab36ab37ba4bfb19bf85
      size: 4171
    outs:
    - path: data/interim
      hash: md5
      md5: 48235480e96f670e705ba48fe73f7b85.dir
      size: 284812
      nfiles: 2
  feature_engineering:
    cmd: python src/feature_engineering.py
    deps:
    - path: data/interim
      hash: md5
      md5: 48235480e96f670e705ba48fe73f7b85.dir
      size: 284812
      nfiles: 2
    - path: src/feature_engineering.py
      hash: md5
      md5: 72b3e604d6d7f5bc203adba03ab56a17
      size: 2266
    params:
      params.yaml:
        feature_engineering.max_features: 100
    outs:
    - path: data/processed
      hash: md5
      md5: 20d8ba424304d65d2b68f5256f80f6a9.dir
      size: 274174
      nfiles: 2
  model_building:
    cmd: python src/model_building.py
    deps:
    - path: data/processed
      hash: md5
      md5: 20d8ba424304d65d2b68f5256f80f6a9.dir
      size: 274174
      nfiles: 2
    - path: src/model_building.py
      hash: md5
      md5: 7f0719fae170c08f13593c29532619af
      size: 3031
    params:
      params.yaml:
        model_building.max_features: 100
        model_building.n_estimators: 30
        model_building.ngram_range:
        - 1
        - 2
        model_building.random_state: 1
    outs:
    - path: models/model.pkl
      hash: md5
      md5: dceace832f86477017275afb3aaaaf53
      size: 5673
  model_evaluation:
    cmd: python src/model_evaluation.py
    deps:
    - path: models/model.pkl
      hash: md5
      md5: dceace832f86477017275afb3aaaaf53
      size: 5673
    - path: src/model_evaluation.py
      hash: md5
      md5: 97fa8be987b5d8af0b63cce61b2a4879
      size: 3437
    outs:
    - path: reports/metrics.json
      hash: md5
      md5: 00c748776d3926c025c3297ee54d3300
      size: 145
